
Microsoft Visual Studio Solution File, Format Version 12.00
Project("{FAE04EC0-301F-11D3-BF4B-00C04F79EFBC}") = "CommerceHub.Api", "CommerceHub.Api.csproj", "{39B796FE-B4A2-4616-AC6F-A3A509EA697F}"
EndProject
Global
	GlobalSection(SolutionConfigurationPlatforms) = preSolution
		Debug|Any CPU = Debug|Any CPU
		Release|Any CPU = Release|Any CPU
	EndGlobalSection
	GlobalSection(ProjectConfigurationPlatforms) = postSolution
		{39B796FE-B4A2-4616-AC6F-A3A509EA697F}.Debug|Any CPU.ActiveCfg = Debug|Any CPU
		{39B796FE-B4A2-4616-AC6F-A3A509EA697F}.Debug|Any CPU.Build.0 = Debug|Any CPU
		{39B796FE-B4A2-4616-AC6F-A3A509EA697F}.Release|Any CPU.ActiveCfg = Release|Any CPU
		{39B796FE-B4A2-4616-AC6F-A3A509EA697F}.Release|Any CPU.Build.0 = Release|Any CPU
	EndGlobalSection
EndGlobal
